
Microsoft Visual Studio Solution File, Format Version 12.00
# Visual Studio Version 16
VisualStudioVersion = 16.0.30907.101
MinimumVisualStudioVersion = 10.0.40219.1
Project("{2150E333-8FDC-42A3-9474-1A3956D46DE8}") = "Solution items", "Solution items", "{DC6781F8-5E66-4DCF-89B8-EA2839318DD5}"
	ProjectSection(SolutionItems) = preProject
		license.md = license.md
		SharedAssemblyInfo.cs = SharedAssemblyInfo.cs
		Xbim.Gltf.IO.nuspec = Xbim.Gltf.IO.nuspec
		XbimPlugin.Gltf.nuspec = XbimPlugin.Gltf.nuspec
	EndProjectSection
EndProject
Project("{9A19103F-16F7-4668-BE54-9A1E7A4F7556}") = "MainTests", "MainTests\MainTests.csproj", "{2309990B-2BD5-4910-9252-2E909BF7ABDD}"
	ProjectSection(ProjectDependencies) = postProject
		{11755BB4-23CF-4A71-9443-EB1E752CB53D} = {11755BB4-23CF-4A71-9443-EB1E752CB53D}
	EndProjectSection
EndProject
Project("{9A19103F-16F7-4668-BE54-9A1E7A4F7556}") = "Xbim.GLTF.IO", "Xbim.GLTF.IO\Xbim.GLTF.IO.csproj", "{11755BB4-23CF-4A71-9443-EB1E752CB53D}"
EndProject
Project("{9A19103F-16F7-4668-BE54-9A1E7A4F7556}") = "Xbim.Geometry.Engine.Interop", "..\XbimGeometry\Xbim.Geometry.Engine.Interop\Xbim.Geometry.Engine.Interop.csproj", "{E9098F96-AF44-4E31-A0E5-59387D1B217B}"
EndProject
Project("{9A19103F-16F7-4668-BE54-9A1E7A4F7556}") = "Xbim.ModelGeometry.Scene", "..\XbimGeometry\Xbim.ModelGeometry.Scene\Xbim.ModelGeometry.Scene.csproj", "{7823A238-0A90-4016-B0A2-F6D8F5CDD6C0}"
EndProject
Project("{8BC9CEB8-8B4A-11D0-8D11-00A0C91BC942}") = "Xbim.Geometry.Engine", "..\XbimGeometry\Xbim.Geometry.Engine\Xbim.Geometry.Engine.vcxproj", "{DEFB2CD3-B35F-450A-A829-D3FE50CFC19A}"
EndProject
Project("{FAE04EC0-301F-11D3-BF4B-00C04F79EFBC}") = "XbimPropertySets", "..\XbimPropertySets\XbimPropertySets\XbimPropertySets.csproj", "{AD5E613A-E308-4748-9A47-03F355BEC0AE}"
EndProject
Project("{FAE04EC0-301F-11D3-BF4B-00C04F79EFBC}") = "ConsoleApp2", "ConsoleApp2\ConsoleApp2.csproj", "{3337B8A4-BD6C-493C-A75A-8B8EC7552AD3}"
EndProject
Project("{FAE04EC0-301F-11D3-BF4B-00C04F79EFBC}") = "XbimPropertyTest", "XbimPropertyTest\XbimPropertyTest.csproj", "{F8639C38-CAE2-479E-9F34-58CB9862CACA}"
EndProject
Global
	GlobalSection(SolutionConfigurationPlatforms) = preSolution
		Debug|Any CPU = Debug|Any CPU
		Debug|ARM = Debug|ARM
		Debug|ARM64 = Debug|ARM64
		Debug|x64 = Debug|x64
		Debug|x86 = Debug|x86
		Release|Any CPU = Release|Any CPU
		Release|ARM = Release|ARM
		Release|ARM64 = Release|ARM64
		Release|x64 = Release|x64
		Release|x86 = Release|x86
	EndGlobalSection
	GlobalSection(ProjectConfigurationPlatforms) = postSolution
		{2309990B-2BD5-4910-9252-2E909BF7ABDD}.Debug|Any CPU.ActiveCfg = Debug|Any CPU
		{2309990B-2BD5-4910-9252-2E909BF7ABDD}.Debug|Any CPU.Build.0 = Debug|Any CPU
		{2309990B-2BD5-4910-9252-2E909BF7ABDD}.Debug|ARM.ActiveCfg = Debug|Any CPU
		{2309990B-2BD5-4910-9252-2E909BF7ABDD}.Debug|ARM.Build.0 = Debug|Any CPU
		{2309990B-2BD5-4910-9252-2E909BF7ABDD}.Debug|ARM64.ActiveCfg = Debug|Any CPU
		{2309990B-2BD5-4910-9252-2E909BF7ABDD}.Debug|ARM64.Build.0 = Debug|Any CPU
		{2309990B-2BD5-4910-9252-2E909BF7ABDD}.Debug|x64.ActiveCfg = Debug|Any CPU
		{2309990B-2BD5-4910-9252-2E909BF7ABDD}.Debug|x64.Build.0 = Debug|Any CPU
		{2309990B-2BD5-4910-9252-2E909BF7ABDD}.Debug|x86.ActiveCfg = Debug|Any CPU
		{2309990B-2BD5-4910-9252-2E909BF7ABDD}.Debug|x86.Build.0 = Debug|Any CPU
		{2309990B-2BD5-4910-9252-2E909BF7ABDD}.Release|Any CPU.ActiveCfg = Release|Any CPU
		{2309990B-2BD5-4910-9252-2E909BF7ABDD}.Release|Any CPU.Build.0 = Release|Any CPU
		{2309990B-2BD5-4910-9252-2E909BF7ABDD}.Release|ARM.ActiveCfg = Release|Any CPU
		{2309990B-2BD5-4910-9252-2E909BF7ABDD}.Release|ARM.Build.0 = Release|Any CPU
		{2309990B-2BD5-4910-9252-2E909BF7ABDD}.Release|ARM64.ActiveCfg = Release|Any CPU
		{2309990B-2BD5-4910-9252-2E909BF7ABDD}.Release|ARM64.Build.0 = Release|Any CPU
		{2309990B-2BD5-4910-9252-2E909BF7ABDD}.Release|x64.ActiveCfg = Release|Any CPU
		{2309990B-2BD5-4910-9252-2E909BF7ABDD}.Release|x64.Build.0 = Release|Any CPU
		{2309990B-2BD5-4910-9252-2E909BF7ABDD}.Release|x86.ActiveCfg = Release|Any CPU
		{2309990B-2BD5-4910-9252-2E909BF7ABDD}.Release|x86.Build.0 = Release|Any CPU
		{11755BB4-23CF-4A71-9443-EB1E752CB53D}.Debug|Any CPU.ActiveCfg = Debug|Any CPU
		{11755BB4-23CF-4A71-9443-EB1E752CB53D}.Debug|Any CPU.Build.0 = Debug|Any CPU
		{11755BB4-23CF-4A71-9443-EB1E752CB53D}.Debug|ARM.ActiveCfg = Debug|Any CPU
		{11755BB4-23CF-4A71-9443-EB1E752CB53D}.Debug|ARM.Build.0 = Debug|Any CPU
		{11755BB4-23CF-4A71-9443-EB1E752CB53D}.Debug|ARM64.ActiveCfg = Debug|Any CPU
		{11755BB4-23CF-4A71-9443-EB1E752CB53D}.Debug|ARM64.Build.0 = Debug|Any CPU
		{11755BB4-23CF-4A71-9443-EB1E752CB53D}.Debug|x64.ActiveCfg = Debug|x64
		{11755BB4-23CF-4A71-9443-EB1E752CB53D}.Debug|x64.Build.0 = Debug|x64
		{11755BB4-23CF-4A71-9443-EB1E752CB53D}.Debug|x86.ActiveCfg = Debug|Any CPU
		{11755BB4-23CF-4A71-9443-EB1E752CB53D}.Debug|x86.Build.0 = Debug|Any CPU
		{11755BB4-23CF-4A71-9443-EB1E752CB53D}.Release|Any CPU.ActiveCfg = Release|Any CPU
		{11755BB4-23CF-4A71-9443-EB1E752CB53D}.Release|Any CPU.Build.0 = Release|Any CPU
		{11755BB4-23CF-4A71-9443-EB1E752CB53D}.Release|ARM.ActiveCfg = Release|Any CPU
		{11755BB4-23CF-4A71-9443-EB1E752CB53D}.Release|ARM.Build.0 = Release|Any CPU
		{11755BB4-23CF-4A71-9443-EB1E752CB53D}.Release|ARM64.ActiveCfg = Release|Any CPU
		{11755BB4-23CF-4A71-9443-EB1E752CB53D}.Release|ARM64.Build.0 = Release|Any CPU
		{11755BB4-23CF-4A71-9443-EB1E752CB53D}.Release|x64.ActiveCfg = Release|Any CPU
		{11755BB4-23CF-4A71-9443-EB1E752CB53D}.Release|x64.Build.0 = Release|Any CPU
		{11755BB4-23CF-4A71-9443-EB1E752CB53D}.Release|x86.ActiveCfg = Release|Any CPU
		{11755BB4-23CF-4A71-9443-EB1E752CB53D}.Release|x86.Build.0 = Release|Any CPU
		{E9098F96-AF44-4E31-A0E5-59387D1B217B}.Debug|Any CPU.ActiveCfg = Debug|Any CPU
		{E9098F96-AF44-4E31-A0E5-59387D1B217B}.Debug|Any CPU.Build.0 = Debug|Any CPU
		{E9098F96-AF44-4E31-A0E5-59387D1B217B}.Debug|ARM.ActiveCfg = Debug|Any CPU
		{E9098F96-AF44-4E31-A0E5-59387D1B217B}.Debug|ARM.Build.0 = Debug|Any CPU
		{E9098F96-AF44-4E31-A0E5-59387D1B217B}.Debug|ARM64.ActiveCfg = Debug|ARM64
		{E9098F96-AF44-4E31-A0E5-59387D1B217B}.Debug|ARM64.Build.0 = Debug|ARM64
		{E9098F96-AF44-4E31-A0E5-59387D1B217B}.Debug|x64.ActiveCfg = Debug|x64
		{E9098F96-AF44-4E31-A0E5-59387D1B217B}.Debug|x64.Build.0 = Debug|x64
		{E9098F96-AF44-4E31-A0E5-59387D1B217B}.Debug|x86.ActiveCfg = Debug|x86
		{E9098F96-AF44-4E31-A0E5-59387D1B217B}.Debug|x86.Build.0 = Debug|x86
		{E9098F96-AF44-4E31-A0E5-59387D1B217B}.Release|Any CPU.ActiveCfg = Release|Any CPU
		{E9098F96-AF44-4E31-A0E5-59387D1B217B}.Release|Any CPU.Build.0 = Release|Any CPU
		{E9098F96-AF44-4E31-A0E5-59387D1B217B}.Release|ARM.ActiveCfg = Release|Any CPU
		{E9098F96-AF44-4E31-A0E5-59387D1B217B}.Release|ARM.Build.0 = Release|Any CPU
		{E9098F96-AF44-4E31-A0E5-59387D1B217B}.Release|ARM64.ActiveCfg = Release|ARM64
		{E9098F96-AF44-4E31-A0E5-59387D1B217B}.Release|ARM64.Build.0 = Release|ARM64
		{E9098F96-AF44-4E31-A0E5-59387D1B217B}.Release|x64.ActiveCfg = Release|x64
		{E9098F96-AF44-4E31-A0E5-59387D1B217B}.Release|x64.Build.0 = Release|x64
		{E9098F96-AF44-4E31-A0E5-59387D1B217B}.Release|x86.ActiveCfg = Release|x86
		{E9098F96-AF44-4E31-A0E5-59387D1B217B}.Release|x86.Build.0 = Release|x86
		{7823A238-0A90-4016-B0A2-F6D8F5CDD6C0}.Debug|Any CPU.ActiveCfg = Debug|Any CPU
		{7823A238-0A90-4016-B0A2-F6D8F5CDD6C0}.Debug|Any CPU.Build.0 = Debug|Any CPU
		{7823A238-0A90-4016-B0A2-F6D8F5CDD6C0}.Debug|ARM.ActiveCfg = Debug|Any CPU
		{7823A238-0A90-4016-B0A2-F6D8F5CDD6C0}.Debug|ARM.Build.0 = Debug|Any CPU
		{7823A238-0A90-4016-B0A2-F6D8F5CDD6C0}.Debug|ARM64.ActiveCfg = Debug|ARM64
		{7823A238-0A90-4016-B0A2-F6D8F5CDD6C0}.Debug|ARM64.Build.0 = Debug|ARM64
		{7823A238-0A90-4016-B0A2-F6D8F5CDD6C0}.Debug|x64.ActiveCfg = Debug|x64
		{7823A238-0A90-4016-B0A2-F6D8F5CDD6C0}.Debug|x64.Build.0 = Debug|x64
		{7823A238-0A90-4016-B0A2-F6D8F5CDD6C0}.Debug|x86.ActiveCfg = Debug|x86
		{7823A238-0A90-4016-B0A2-F6D8F5CDD6C0}.Debug|x86.Build.0 = Debug|x86
		{7823A238-0A90-4016-B0A2-F6D8F5CDD6C0}.Release|Any CPU.ActiveCfg = Release|Any CPU
		{7823A238-0A90-4016-B0A2-F6D8F5CDD6C0}.Release|Any CPU.Build.0 = Release|Any CPU
		{7823A238-0A90-4016-B0A2-F6D8F5CDD6C0}.Release|ARM.ActiveCfg = Release|Any CPU
		{7823A238-0A90-4016-B0A2-F6D8F5CDD6C0}.Release|ARM.Build.0 = Release|Any CPU
		{7823A238-0A90-4016-B0A2-F6D8F5CDD6C0}.Release|ARM64.ActiveCfg = Release|ARM64
		{7823A238-0A90-4016-B0A2-F6D8F5CDD6C0}.Release|ARM64.Build.0 = Release|ARM64
		{7823A238-0A90-4016-B0A2-F6D8F5CDD6C0}.Release|x64.ActiveCfg = Release|x64
		{7823A238-0A90-4016-B0A2-F6D8F5CDD6C0}.Release|x64.Build.0 = Release|x64
		{7823A238-0A90-4016-B0A2-F6D8F5CDD6C0}.Release|x86.ActiveCfg = Release|x86
		{7823A238-0A90-4016-B0A2-F6D8F5CDD6C0}.Release|x86.Build.0 = Release|x86
		{DEFB2CD3-B35F-450A-A829-D3FE50CFC19A}.Debug|Any CPU.ActiveCfg = Debug|Win32
		{DEFB2CD3-B35F-450A-A829-D3FE50CFC19A}.Debug|ARM.ActiveCfg = Debug|ARM
		{DEFB2CD3-B35F-450A-A829-D3FE50CFC19A}.Debug|ARM.Build.0 = Debug|ARM
		{DEFB2CD3-B35F-450A-A829-D3FE50CFC19A}.Debug|ARM64.ActiveCfg = Debug|ARM64
		{DEFB2CD3-B35F-450A-A829-D3FE50CFC19A}.Debug|ARM64.Build.0 = Debug|ARM64
		{DEFB2CD3-B35F-450A-A829-D3FE50CFC19A}.Debug|x64.ActiveCfg = Debug|x64
		{DEFB2CD3-B35F-450A-A829-D3FE50CFC19A}.Debug|x64.Build.0 = Debug|x64
		{DEFB2CD3-B35F-450A-A829-D3FE50CFC19A}.Debug|x86.ActiveCfg = Debug|Win32
		{DEFB2CD3-B35F-450A-A829-D3FE50CFC19A}.Debug|x86.Build.0 = Debug|Win32
		{DEFB2CD3-B35F-450A-A829-D3FE50CFC19A}.Release|Any CPU.ActiveCfg = Release|Win32
		{DEFB2CD3-B35F-450A-A829-D3FE50CFC19A}.Release|ARM.ActiveCfg = Release|ARM
		{DEFB2CD3-B35F-450A-A829-D3FE50CFC19A}.Release|ARM.Build.0 = Release|ARM
		{DEFB2CD3-B35F-450A-A829-D3FE50CFC19A}.Release|ARM64.ActiveCfg = Release|ARM64
		{DEFB2CD3-B35F-450A-A829-D3FE50CFC19A}.Release|ARM64.Build.0 = Release|ARM64
		{DEFB2CD3-B35F-450A-A829-D3FE50CFC19A}.Release|x64.ActiveCfg = Release|x64
		{DEFB2CD3-B35F-450A-A829-D3FE50CFC19A}.Release|x64.Build.0 = Release|x64
		{DEFB2CD3-B35F-450A-A829-D3FE50CFC19A}.Release|x86.ActiveCfg = Release|Win32
		{DEFB2CD3-B35F-450A-A829-D3FE50CFC19A}.Release|x86.Build.0 = Release|Win32
		{AD5E613A-E308-4748-9A47-03F355BEC0AE}.Debug|Any CPU.ActiveCfg = Debug|Any CPU
		{AD5E613A-E308-4748-9A47-03F355BEC0AE}.Debug|Any CPU.Build.0 = Debug|Any CPU
		{AD5E613A-E308-4748-9A47-03F355BEC0AE}.Debug|ARM.ActiveCfg = Debug|Any CPU
		{AD5E613A-E308-4748-9A47-03F355BEC0AE}.Debug|ARM.Build.0 = Debug|Any CPU
		{AD5E613A-E308-4748-9A47-03F355BEC0AE}.Debug|ARM64.ActiveCfg = Debug|Any CPU
		{AD5E613A-E308-4748-9A47-03F355BEC0AE}.Debug|ARM64.Build.0 = Debug|Any CPU
		{AD5E613A-E308-4748-9A47-03F355BEC0AE}.Debug|x64.ActiveCfg = Debug|x64
		{AD5E613A-E308-4748-9A47-03F355BEC0AE}.Debug|x64.Build.0 = Debug|x64
		{AD5E613A-E308-4748-9A47-03F355BEC0AE}.Debug|x86.ActiveCfg = Debug|Any CPU
		{AD5E613A-E308-4748-9A47-03F355BEC0AE}.Debug|x86.Build.0 = Debug|Any CPU
		{AD5E613A-E308-4748-9A47-03F355BEC0AE}.Release|Any CPU.ActiveCfg = Release|Any CPU
		{AD5E613A-E308-4748-9A47-03F355BEC0AE}.Release|Any CPU.Build.0 = Release|Any CPU
		{AD5E613A-E308-4748-9A47-03F355BEC0AE}.Release|ARM.ActiveCfg = Release|Any CPU
		{AD5E613A-E308-4748-9A47-03F355BEC0AE}.Release|ARM.Build.0 = Release|Any CPU
		{AD5E613A-E308-4748-9A47-03F355BEC0AE}.Release|ARM64.ActiveCfg = Release|Any CPU
		{AD5E613A-E308-4748-9A47-03F355BEC0AE}.Release|ARM64.Build.0 = Release|Any CPU
		{AD5E613A-E308-4748-9A47-03F355BEC0AE}.Release|x64.ActiveCfg = Release|Any CPU
		{AD5E613A-E308-4748-9A47-03F355BEC0AE}.Release|x64.Build.0 = Release|Any CPU
		{AD5E613A-E308-4748-9A47-03F355BEC0AE}.Release|x86.ActiveCfg = Release|Any CPU
		{AD5E613A-E308-4748-9A47-03F355BEC0AE}.Release|x86.Build.0 = Release|Any CPU
		{3337B8A4-BD6C-493C-A75A-8B8EC7552AD3}.Debug|Any CPU.ActiveCfg = Debug|Any CPU
		{3337B8A4-BD6C-493C-A75A-8B8EC7552AD3}.Debug|Any CPU.Build.0 = Debug|Any CPU
		{3337B8A4-BD6C-493C-A75A-8B8EC7552AD3}.Debug|ARM.ActiveCfg = Debug|Any CPU
		{3337B8A4-BD6C-493C-A75A-8B8EC7552AD3}.Debug|ARM.Build.0 = Debug|Any CPU
		{3337B8A4-BD6C-493C-A75A-8B8EC7552AD3}.Debug|ARM64.ActiveCfg = Debug|Any CPU
		{3337B8A4-BD6C-493C-A75A-8B8EC7552AD3}.Debug|ARM64.Build.0 = Debug|Any CPU
		{3337B8A4-BD6C-493C-A75A-8B8EC7552AD3}.Debug|x64.ActiveCfg = Debug|x64
		{3337B8A4-BD6C-493C-A75A-8B8EC7552AD3}.Debug|x64.Build.0 = Debug|x64
		{3337B8A4-BD6C-493C-A75A-8B8EC7552AD3}.Debug|x86.ActiveCfg = Debug|Any CPU
		{3337B8A4-BD6C-493C-A75A-8B8EC7552AD3}.Debug|x86.Build.0 = Debug|Any CPU
		{3337B8A4-BD6C-493C-A75A-8B8EC7552AD3}.Release|Any CPU.ActiveCfg = Release|Any CPU
		{3337B8A4-BD6C-493C-A75A-8B8EC7552AD3}.Release|Any CPU.Build.0 = Release|Any CPU
		{3337B8A4-BD6C-493C-A75A-8B8EC7552AD3}.Release|ARM.ActiveCfg = Release|Any CPU
		{3337B8A4-BD6C-493C-A75A-8B8EC7552AD3}.Release|ARM.Build.0 = Release|Any CPU
		{3337B8A4-BD6C-493C-A75A-8B8EC7552AD3}.Release|ARM64.ActiveCfg = Release|Any CPU
		{3337B8A4-BD6C-493C-A75A-8B8EC7552AD3}.Release|ARM64.Build.0 = Release|Any CPU
		{3337B8A4-BD6C-493C-A75A-8B8EC7552AD3}.Release|x64.ActiveCfg = Release|Any CPU
		{3337B8A4-BD6C-493C-A75A-8B8EC7552AD3}.Release|x64.Build.0 = Release|Any CPU
		{3337B8A4-BD6C-493C-A75A-8B8EC7552AD3}.Release|x86.ActiveCfg = Release|Any CPU
		{3337B8A4-BD6C-493C-A75A-8B8EC7552AD3}.Release|x86.Build.0 = Release|Any CPU
		{F8639C38-CAE2-479E-9F34-58CB9862CACA}.Debug|Any CPU.ActiveCfg = Debug|Any CPU
		{F8639C38-CAE2-479E-9F34-58CB9862CACA}.Debug|Any CPU.Build.0 = Debug|Any CPU
		{F8639C38-CAE2-479E-9F34-58CB9862CACA}.Debug|ARM.ActiveCfg = Debug|Any CPU
		{F8639C38-CAE2-479E-9F34-58CB9862CACA}.Debug|ARM.Build.0 = Debug|Any CPU
		{F8639C38-CAE2-479E-9F34-58CB9862CACA}.Debug|ARM64.ActiveCfg = Debug|Any CPU
		{F8639C38-CAE2-479E-9F34-58CB9862CACA}.Debug|ARM64.Build.0 = Debug|Any CPU
		{F8639C38-CAE2-479E-9F34-58CB9862CACA}.Debug|x64.ActiveCfg = Debug|Any CPU
		{F8639C38-CAE2-479E-9F34-58CB9862CACA}.Debug|x64.Build.0 = Debug|Any CPU
		{F8639C38-CAE2-479E-9F34-58CB9862CACA}.Debug|x86.ActiveCfg = Debug|Any CPU
		{F8639C38-CAE2-479E-9F34-58CB9862CACA}.Debug|x86.Build.0 = Debug|Any CPU
		{F8639C38-CAE2-479E-9F34-58CB9862CACA}.Release|Any CPU.ActiveCfg = Release|Any CPU
		{F8639C38-CAE2-479E-9F34-58CB9862CACA}.Release|Any CPU.Build.0 = Release|Any CPU
		{F8639C38-CAE2-479E-9F34-58CB9862CACA}.Release|ARM.ActiveCfg = Release|Any CPU
		{F8639C38-CAE2-479E-9F34-58CB9862CACA}.Release|ARM.Build.0 = Release|Any CPU
		{F8639C38-CAE2-479E-9F34-58CB9862CACA}.Release|ARM64.ActiveCfg = Release|Any CPU
		{F8639C38-CAE2-479E-9F34-58CB9862CACA}.Release|ARM64.Build.0 = Release|Any CPU
		{F8639C38-CAE2-479E-9F34-58CB9862CACA}.Release|x64.ActiveCfg = Release|Any CPU
		{F8639C38-CAE2-479E-9F34-58CB9862CACA}.Release|x64.Build.0 = Release|Any CPU
		{F8639C38-CAE2-479E-9F34-58CB9862CACA}.Release|x86.ActiveCfg = Release|Any CPU
		{F8639C38-CAE2-479E-9F34-58CB9862CACA}.Release|x86.Build.0 = Release|Any CPU
	EndGlobalSection
	GlobalSection(SolutionProperties) = preSolution
		HideSolutionNode = FALSE
	EndGlobalSection
	GlobalSection(ExtensibilityGlobals) = postSolution
		SolutionGuid = {7AB42F23-CD9E-4AA2-ACAB-51BCDCF68C1E}
	EndGlobalSection
EndGlobal
